
Microsoft Visual Studio Solution File, Format Version 12.00
# Visual Studio Version 17
VisualStudioVersion = 17.13.35919.96
MinimumVisualStudioVersion = 10.0.40219.1
Project("{2150E333-8FDC-42A3-9474-1A3956D46DE8}") = "6.API", "6.API", "{02EA681E-C7D8-13C7-8484-4AC65E1B71E8}"
EndProject
Project("{FAE04EC0-301F-11D3-BF4B-00C04F79EFBC}") = "Toppine.API", "Toppine.API\Toppine.API.csproj", "{731A4F34-433E-4361-B077-4EB9789F767A}"
EndProject
Project("{2150E333-8FDC-42A3-9474-1A3956D46DE8}") = "1.Core", "1.Core", "{317E6BE1-C11E-4CE2-A403-727CEE354D2D}"
EndProject
Project("{2150E333-8FDC-42A3-9474-1A3956D46DE8}") = "2.Entity", "2.Entity", "{E006690E-CF50-44C5-92FC-1A5D3CA743E8}"
EndProject
Project("{2150E333-8FDC-42A3-9474-1A3956D46DE8}") = "3.Services", "3.Services", "{11FAD6A8-FE9F-4C8E-BE1A-BE500C36D666}"
EndProject
Project("{FAE04EC0-301F-11D3-BF4B-00C04F79EFBC}") = "Toppine.IServices", "Toppine.IServices\Toppine.IServices.csproj", "{C11D5104-E448-42FD-A1EA-6E59806A1838}"
EndProject
Project("{FAE04EC0-301F-11D3-BF4B-00C04F79EFBC}") = "Toppine.Services", "Toppine.Services\Toppine.Services.csproj", "{DAF96983-C7A1-42C3-B96B-CF4A093847F8}"
EndProject
Project("{FAE04EC0-301F-11D3-BF4B-00C04F79EFBC}") = "Toppine.Model", "Toppine.Model\Toppine.Model.csproj", "{4BB70AF2-9F81-4D4F-9DCD-FAEC9F7A2CE7}"
EndProject
Project("{2150E333-8FDC-42A3-9474-1A3956D46DE8}") = "4.Repository", "4.Repository", "{BC6F17AC-9254-4C7C-A0D8-111ABA1F1BBC}"
EndProject
Project("{FAE04EC0-301F-11D3-BF4B-00C04F79EFBC}") = "Toppine.IRepository", "Toppine.IRepository\Toppine.IRepository.csproj", "{EB1043CE-3F64-415F-A694-C6ECF61DE9F9}"
EndProject
Project("{FAE04EC0-301F-11D3-BF4B-00C04F79EFBC}") = "Toppine.Repository", "Toppine.Repository\Toppine.Repository.csproj", "{A0D32EFA-23E4-48DD-AF53-2A6973723104}"
EndProject
Project("{FAE04EC0-301F-11D3-BF4B-00C04F79EFBC}") = "Toppine.Core", "Toppine.Core\Toppine.Core.csproj", "{D46A28CF-0B4F-4DD6-8C26-AEAA1243BD7D}"
EndProject
Project("{FAE04EC0-301F-11D3-BF4B-00C04F79EFBC}") = "Toppine.Configuration", "Toppine.Configuration\Toppine.Configuration.csproj", "{EEA3D0F3-E2DF-4DEF-BA09-7789E9D5620A}"
EndProject
Project("{FAE04EC0-301F-11D3-BF4B-00C04F79EFBC}") = "Toppine.Loging", "Toppine.Loging\Toppine.Loging.csproj", "{A255B34B-BFD5-445A-8B6D-23B19F41A68C}"
EndProject
Project("{FAE04EC0-301F-11D3-BF4B-00C04F79EFBC}") = "Toppine.Caching", "Toppine.Caching\Toppine.Caching.csproj", "{E602E0B8-F718-497F-8214-163C826ED0A0}"
EndProject
Project("{FAE04EC0-301F-11D3-BF4B-00C04F79EFBC}") = "Toppine.Utility", "Toppine.Utility\Toppine.Utility.csproj", "{F5ED0F17-D560-423A-9A18-A89FF7E3382C}"
EndProject
Project("{FAE04EC0-301F-11D3-BF4B-00C04F79EFBC}") = "Toppine.Mapping", "Toppine.Mapping\Toppine.Mapping.csproj", "{7DBD43C9-BA10-472B-8037-ABADDAE03CE4}"
EndProject
Project("{FAE04EC0-301F-11D3-BF4B-00C04F79EFBC}") = "Toppine.Test", "Toppine.Test\Toppine.Test.csproj", "{F616F1EF-8089-4832-89B1-7F77EE4BF8F1}"
EndProject
Project("{FAE04EC0-301F-11D3-BF4B-00C04F79EFBC}") = "Toppine.Services.Tests", "Toppine.Services.Tests\Toppine.Services.Tests.csproj", "{616DBDE9-0898-4D10-B9A1-98BB3E279547}"
EndProject
Project("{FAE04EC0-301F-11D3-BF4B-00C04F79EFBC}") = "Toppine.Data", "Toppine.Data\Toppine.Data.csproj", "{412C27C3-DB39-4945-ABDE-95F4DC093269}"
EndProject
Global
	GlobalSection(SolutionConfigurationPlatforms) = preSolution
		Debug|Any CPU = Debug|Any CPU
		Release|Any CPU = Release|Any CPU
	EndGlobalSection
	GlobalSection(ProjectConfigurationPlatforms) = postSolution
		{731A4F34-433E-4361-B077-4EB9789F767A}.Debug|Any CPU.ActiveCfg = Debug|Any CPU
		{731A4F34-433E-4361-B077-4EB9789F767A}.Debug|Any CPU.Build.0 = Debug|Any CPU
		{731A4F34-433E-4361-B077-4EB9789F767A}.Release|Any CPU.ActiveCfg = Release|Any CPU
		{731A4F34-433E-4361-B077-4EB9789F767A}.Release|Any CPU.Build.0 = Release|Any CPU
		{C11D5104-E448-42FD-A1EA-6E59806A1838}.Debug|Any CPU.ActiveCfg = Debug|Any CPU
		{C11D5104-E448-42FD-A1EA-6E59806A1838}.Debug|Any CPU.Build.0 = Debug|Any CPU
		{C11D5104-E448-42FD-A1EA-6E59806A1838}.Release|Any CPU.ActiveCfg = Release|Any CPU
		{C11D5104-E448-42FD-A1EA-6E59806A1838}.Release|Any CPU.Build.0 = Release|Any CPU
		{DAF96983-C7A1-42C3-B96B-CF4A093847F8}.Debug|Any CPU.ActiveCfg = Debug|Any CPU
		{DAF96983-C7A1-42C3-B96B-CF4A093847F8}.Debug|Any CPU.Build.0 = Debug|Any CPU
		{DAF96983-C7A1-42C3-B96B-CF4A093847F8}.Release|Any CPU.ActiveCfg = Release|Any CPU
		{DAF96983-C7A1-42C3-B96B-CF4A093847F8}.Release|Any CPU.Build.0 = Release|Any CPU
		{4BB70AF2-9F81-4D4F-9DCD-FAEC9F7A2CE7}.Debug|Any CPU.ActiveCfg = Debug|Any CPU
		{4BB70AF2-9F81-4D4F-9DCD-FAEC9F7A2CE7}.Debug|Any CPU.Build.0 = Debug|Any CPU
		{4BB70AF2-9F81-4D4F-9DCD-FAEC9F7A2CE7}.Release|Any CPU.ActiveCfg = Release|Any CPU
		{4BB70AF2-9F81-4D4F-9DCD-FAEC9F7A2CE7}.Release|Any CPU.Build.0 = Release|Any CPU
		{EB1043CE-3F64-415F-A694-C6ECF61DE9F9}.Debug|Any CPU.ActiveCfg = Debug|Any CPU
		{EB1043CE-3F64-415F-A694-C6ECF61DE9F9}.Debug|Any CPU.Build.0 = Debug|Any CPU
		{EB1043CE-3F64-415F-A694-C6ECF61DE9F9}.Release|Any CPU.ActiveCfg = Release|Any CPU
		{EB1043CE-3F64-415F-A694-C6ECF61DE9F9}.Release|Any CPU.Build.0 = Release|Any CPU
		{A0D32EFA-23E4-48DD-AF53-2A6973723104}.Debug|Any CPU.ActiveCfg = Debug|Any CPU
		{A0D32EFA-23E4-48DD-AF53-2A6973723104}.Debug|Any CPU.Build.0 = Debug|Any CPU
		{A0D32EFA-23E4-48DD-AF53-2A6973723104}.Release|Any CPU.ActiveCfg = Release|Any CPU
		{A0D32EFA-23E4-48DD-AF53-2A6973723104}.Release|Any CPU.Build.0 = Release|Any CPU
		{D46A28CF-0B4F-4DD6-8C26-AEAA1243BD7D}.Debug|Any CPU.ActiveCfg = Debug|Any CPU
		{D46A28CF-0B4F-4DD6-8C26-AEAA1243BD7D}.Debug|Any CPU.Build.0 = Debug|Any CPU
		{D46A28CF-0B4F-4DD6-8C26-AEAA1243BD7D}.Release|Any CPU.ActiveCfg = Release|Any CPU
		{D46A28CF-0B4F-4DD6-8C26-AEAA1243BD7D}.Release|Any CPU.Build.0 = Release|Any CPU
		{EEA3D0F3-E2DF-4DEF-BA09-7789E9D5620A}.Debug|Any CPU.ActiveCfg = Debug|Any CPU
		{EEA3D0F3-E2DF-4DEF-BA09-7789E9D5620A}.Debug|Any CPU.Build.0 = Debug|Any CPU
		{EEA3D0F3-E2DF-4DEF-BA09-7789E9D5620A}.Release|Any CPU.ActiveCfg = Release|Any CPU
		{EEA3D0F3-E2DF-4DEF-BA09-7789E9D5620A}.Release|Any CPU.Build.0 = Release|Any CPU
		{A255B34B-BFD5-445A-8B6D-23B19F41A68C}.Debug|Any CPU.ActiveCfg = Debug|Any CPU
		{A255B34B-BFD5-445A-8B6D-23B19F41A68C}.Debug|Any CPU.Build.0 = Debug|Any CPU
		{A255B34B-BFD5-445A-8B6D-23B19F41A68C}.Release|Any CPU.ActiveCfg = Release|Any CPU
		{A255B34B-BFD5-445A-8B6D-23B19F41A68C}.Release|Any CPU.Build.0 = Release|Any CPU
		{E602E0B8-F718-497F-8214-163C826ED0A0}.Debug|Any CPU.ActiveCfg = Debug|Any CPU
		{E602E0B8-F718-497F-8214-163C826ED0A0}.Debug|Any CPU.Build.0 = Debug|Any CPU
		{E602E0B8-F718-497F-8214-163C826ED0A0}.Release|Any CPU.ActiveCfg = Release|Any CPU
		{E602E0B8-F718-497F-8214-163C826ED0A0}.Release|Any CPU.Build.0 = Release|Any CPU
		{F5ED0F17-D560-423A-9A18-A89FF7E3382C}.Debug|Any CPU.ActiveCfg = Debug|Any CPU
		{F5ED0F17-D560-423A-9A18-A89FF7E3382C}.Debug|Any CPU.Build.0 = Debug|Any CPU
		{F5ED0F17-D560-423A-9A18-A89FF7E3382C}.Release|Any CPU.ActiveCfg = Release|Any CPU
		{F5ED0F17-D560-423A-9A18-A89FF7E3382C}.Release|Any CPU.Build.0 = Release|Any CPU
		{7DBD43C9-BA10-472B-8037-ABADDAE03CE4}.Debug|Any CPU.ActiveCfg = Debug|Any CPU
		{7DBD43C9-BA10-472B-8037-ABADDAE03CE4}.Debug|Any CPU.Build.0 = Debug|Any CPU
		{7DBD43C9-BA10-472B-8037-ABADDAE03CE4}.Release|Any CPU.ActiveCfg = Release|Any CPU
		{7DBD43C9-BA10-472B-8037-ABADDAE03CE4}.Release|Any CPU.Build.0 = Release|Any CPU
		{F616F1EF-8089-4832-89B1-7F77EE4BF8F1}.Debug|Any CPU.ActiveCfg = Debug|Any CPU
		{F616F1EF-8089-4832-89B1-7F77EE4BF8F1}.Debug|Any CPU.Build.0 = Debug|Any CPU
		{F616F1EF-8089-4832-89B1-7F77EE4BF8F1}.Release|Any CPU.ActiveCfg = Release|Any CPU
		{F616F1EF-8089-4832-89B1-7F77EE4BF8F1}.Release|Any CPU.Build.0 = Release|Any CPU
		{616DBDE9-0898-4D10-B9A1-98BB3E279547}.Debug|Any CPU.ActiveCfg = Debug|Any CPU
		{616DBDE9-0898-4D10-B9A1-98BB3E279547}.Debug|Any CPU.Build.0 = Debug|Any CPU
		{616DBDE9-0898-4D10-B9A1-98BB3E279547}.Release|Any CPU.ActiveCfg = Release|Any CPU
		{616DBDE9-0898-4D10-B9A1-98BB3E279547}.Release|Any CPU.Build.0 = Release|Any CPU
		{412C27C3-DB39-4945-ABDE-95F4DC093269}.Debug|Any CPU.ActiveCfg = Debug|Any CPU
		{412C27C3-DB39-4945-ABDE-95F4DC093269}.Debug|Any CPU.Build.0 = Debug|Any CPU
		{412C27C3-DB39-4945-ABDE-95F4DC093269}.Release|Any CPU.ActiveCfg = Release|Any CPU
		{412C27C3-DB39-4945-ABDE-95F4DC093269}.Release|Any CPU.Build.0 = Release|Any CPU
	EndGlobalSection
	GlobalSection(SolutionProperties) = preSolution
		HideSolutionNode = FALSE
	EndGlobalSection
	GlobalSection(NestedProjects) = preSolution
		{731A4F34-433E-4361-B077-4EB9789F767A} = {02EA681E-C7D8-13C7-8484-4AC65E1B71E8}
		{C11D5104-E448-42FD-A1EA-6E59806A1838} = {11FAD6A8-FE9F-4C8E-BE1A-BE500C36D666}
		{DAF96983-C7A1-42C3-B96B-CF4A093847F8} = {11FAD6A8-FE9F-4C8E-BE1A-BE500C36D666}
		{4BB70AF2-9F81-4D4F-9DCD-FAEC9F7A2CE7} = {E006690E-CF50-44C5-92FC-1A5D3CA743E8}
		{EB1043CE-3F64-415F-A694-C6ECF61DE9F9} = {BC6F17AC-9254-4C7C-A0D8-111ABA1F1BBC}
		{A0D32EFA-23E4-48DD-AF53-2A6973723104} = {BC6F17AC-9254-4C7C-A0D8-111ABA1F1BBC}
		{D46A28CF-0B4F-4DD6-8C26-AEAA1243BD7D} = {317E6BE1-C11E-4CE2-A403-727CEE354D2D}
		{EEA3D0F3-E2DF-4DEF-BA09-7789E9D5620A} = {317E6BE1-C11E-4CE2-A403-727CEE354D2D}
		{A255B34B-BFD5-445A-8B6D-23B19F41A68C} = {317E6BE1-C11E-4CE2-A403-727CEE354D2D}
		{E602E0B8-F718-497F-8214-163C826ED0A0} = {317E6BE1-C11E-4CE2-A403-727CEE354D2D}
		{F5ED0F17-D560-423A-9A18-A89FF7E3382C} = {317E6BE1-C11E-4CE2-A403-727CEE354D2D}
		{7DBD43C9-BA10-472B-8037-ABADDAE03CE4} = {317E6BE1-C11E-4CE2-A403-727CEE354D2D}
		{F616F1EF-8089-4832-89B1-7F77EE4BF8F1} = {02EA681E-C7D8-13C7-8484-4AC65E1B71E8}
		{616DBDE9-0898-4D10-B9A1-98BB3E279547} = {11FAD6A8-FE9F-4C8E-BE1A-BE500C36D666}
		{412C27C3-DB39-4945-ABDE-95F4DC093269} = {317E6BE1-C11E-4CE2-A403-727CEE354D2D}
	EndGlobalSection
	GlobalSection(ExtensibilityGlobals) = postSolution
		SolutionGuid = {65F93E8C-F80E-4E7A-8840-D366D12D13EC}
	EndGlobalSection
EndGlobal
